
Microsoft Visual Studio Solution File, Format Version 12.00
# Visual Studio Version 17
VisualStudioVersion = 17.0.31903.59
MinimumVisualStudioVersion = 10.0.40219.1
Project("{2150E333-8FDC-42A3-9474-1A3956D46DE8}") = "src", "src", "{184BD9A3-4AE2-494E-B0E8-EAEFFEDCA965}"
EndProject
Project("{9A19103F-16F7-4668-BE54-9A1E7A4F7556}") = "PipelinePlayground", "src\PipelinePlayground\PipelinePlayground.csproj", "{7D3B8292-5EC0-4DB4-9DE4-09F751B68B9C}"
EndProject
Project("{2150E333-8FDC-42A3-9474-1A3956D46DE8}") = "tests", "tests", "{860A5DC9-4F3D-44C9-9057-8C3438278F3E}"
EndProject
Project("{FAE04EC0-301F-11D3-BF4B-00C04F79EFBC}") = "PipelinePlayground.Tests", "tests\PipelinePlayground.Tests\PipelinePlayground.Tests.csproj", "{E596ABC6-9989-4667-A191-BAD138EAB174}"
EndProject
Global
	GlobalSection(SolutionConfigurationPlatforms) = preSolution
		Debug|Any CPU = Debug|Any CPU
		Release|Any CPU = Release|Any CPU
	EndGlobalSection
	GlobalSection(ProjectConfigurationPlatforms) = postSolution
		{7D3B8292-5EC0-4DB4-9DE4-09F751B68B9C}.Debug|Any CPU.ActiveCfg = Debug|Any CPU
		{7D3B8292-5EC0-4DB4-9DE4-09F751B68B9C}.Debug|Any CPU.Build.0 = Debug|Any CPU
		{7D3B8292-5EC0-4DB4-9DE4-09F751B68B9C}.Release|Any CPU.ActiveCfg = Release|Any CPU
		{7D3B8292-5EC0-4DB4-9DE4-09F751B68B9C}.Release|Any CPU.Build.0 = Release|Any CPU
		{E596ABC6-9989-4667-A191-BAD138EAB174}.Debug|Any CPU.ActiveCfg = Debug|Any CPU
		{E596ABC6-9989-4667-A191-BAD138EAB174}.Debug|Any CPU.Build.0 = Debug|Any CPU
		{E596ABC6-9989-4667-A191-BAD138EAB174}.Release|Any CPU.ActiveCfg = Release|Any CPU
		{E596ABC6-9989-4667-A191-BAD138EAB174}.Release|Any CPU.Build.0 = Release|Any CPU
	EndGlobalSection
	GlobalSection(SolutionProperties) = preSolution
		HideSolutionNode = FALSE
	EndGlobalSection
	GlobalSection(NestedProjects) = preSolution
		{7D3B8292-5EC0-4DB4-9DE4-09F751B68B9C} = {184BD9A3-4AE2-494E-B0E8-EAEFFEDCA965}
	EndGlobalSection
EndGlobal
